
Microsoft Visual Studio Solution File, Format Version 12.00
# Visual Studio Version 16
VisualStudioVersion = 16.0.30104.148
MinimumVisualStudioVersion = 10.0.40219.1
Project("{9A19103F-16F7-4668-BE54-9A1E7A4F7556}") = "DigitalPlatform.Core", "DigitalPlatform.Core\DigitalPlatform.Core.csproj", "{63C60A47-94A1-4192-B816-C0C897228E14}"
EndProject
Project("{9A19103F-16F7-4668-BE54-9A1E7A4F7556}") = "DigitalPlatform.Net", "DigitalPlatform.Net\DigitalPlatform.Net.csproj", "{16A3985E-A4FC-44E1-AA67-CC7013F4E075}"
EndProject
Project("{9A19103F-16F7-4668-BE54-9A1E7A4F7556}") = "DigitalPlatform.SIP", "DigitalPlatform.SIP\DigitalPlatform.SIP.csproj", "{071398C9-5E6A-410D-8737-C9B2850EA0A5}"
EndProject
Project("{9A19103F-16F7-4668-BE54-9A1E7A4F7556}") = "DigitalPlatform.Z3950", "DigitalPlatform.Z3950\DigitalPlatform.Z3950.csproj", "{01E98AFF-0FC8-4001-A377-9AC19C8A4DD7}"
EndProject
Project("{9A19103F-16F7-4668-BE54-9A1E7A4F7556}") = "DigitalPlatform.MarcQuery", "DigitalPlatform.MarcQuery\DigitalPlatform.MarcQuery.csproj", "{AAE16EC6-8655-4EA1-A1A0-239F96C710D4}"
EndProject
Project("{9A19103F-16F7-4668-BE54-9A1E7A4F7556}") = "DigitalPlatform.LibraryRestClient", "DigitalPlatform.LibraryRestClient\DigitalPlatform.LibraryRestClient.csproj", "{E3FD280B-4A1A-42CF-B0DF-D76B007EAC19}"
EndProject
Project("{FAE04EC0-301F-11D3-BF4B-00C04F79EFBC}") = "DigitalPlatform.ServiceProcess", "DigitalPlatform.ServiceProcess\DigitalPlatform.ServiceProcess.csproj", "{F6A351AC-D11E-4A48-8970-632A15F5DB60}"
EndProject
Project("{FAE04EC0-301F-11D3-BF4B-00C04F79EFBC}") = "UnitTestSIP", "UnitTestSIP\UnitTestSIP.csproj", "{3BD4016E-ABC4-42A7-81DB-6E20F7C222D9}"
EndProject
Global
	GlobalSection(SolutionConfigurationPlatforms) = preSolution
		Debug|Any CPU = Debug|Any CPU
		Release|Any CPU = Release|Any CPU
	EndGlobalSection
	GlobalSection(ProjectConfigurationPlatforms) = postSolution
		{63C60A47-94A1-4192-B816-C0C897228E14}.Debug|Any CPU.ActiveCfg = Debug|Any CPU
		{63C60A47-94A1-4192-B816-C0C897228E14}.Debug|Any CPU.Build.0 = Debug|Any CPU
		{63C60A47-94A1-4192-B816-C0C897228E14}.Release|Any CPU.ActiveCfg = Release|Any CPU
		{63C60A47-94A1-4192-B816-C0C897228E14}.Release|Any CPU.Build.0 = Release|Any CPU
		{16A3985E-A4FC-44E1-AA67-CC7013F4E075}.Debug|Any CPU.ActiveCfg = Debug|Any CPU
		{16A3985E-A4FC-44E1-AA67-CC7013F4E075}.Debug|Any CPU.Build.0 = Debug|Any CPU
		{16A3985E-A4FC-44E1-AA67-CC7013F4E075}.Release|Any CPU.ActiveCfg = Release|Any CPU
		{16A3985E-A4FC-44E1-AA67-CC7013F4E075}.Release|Any CPU.Build.0 = Release|Any CPU
		{071398C9-5E6A-410D-8737-C9B2850EA0A5}.Debug|Any CPU.ActiveCfg = Debug|Any CPU
		{071398C9-5E6A-410D-8737-C9B2850EA0A5}.Debug|Any CPU.Build.0 = Debug|Any CPU
		{071398C9-5E6A-410D-8737-C9B2850EA0A5}.Release|Any CPU.ActiveCfg = Release|Any CPU
		{071398C9-5E6A-410D-8737-C9B2850EA0A5}.Release|Any CPU.Build.0 = Release|Any CPU
		{01E98AFF-0FC8-4001-A377-9AC19C8A4DD7}.Debug|Any CPU.ActiveCfg = Debug|Any CPU
		{01E98AFF-0FC8-4001-A377-9AC19C8A4DD7}.Debug|Any CPU.Build.0 = Debug|Any CPU
		{01E98AFF-0FC8-4001-A377-9AC19C8A4DD7}.Release|Any CPU.ActiveCfg = Release|Any CPU
		{01E98AFF-0FC8-4001-A377-9AC19C8A4DD7}.Release|Any CPU.Build.0 = Release|Any CPU
		{AAE16EC6-8655-4EA1-A1A0-239F96C710D4}.Debug|Any CPU.ActiveCfg = Debug|Any CPU
		{AAE16EC6-8655-4EA1-A1A0-239F96C710D4}.Debug|Any CPU.Build.0 = Debug|Any CPU
		{AAE16EC6-8655-4EA1-A1A0-239F96C710D4}.Release|Any CPU.ActiveCfg = Release|Any CPU
		{AAE16EC6-8655-4EA1-A1A0-239F96C710D4}.Release|Any CPU.Build.0 = Release|Any CPU
		{E3FD280B-4A1A-42CF-B0DF-D76B007EAC19}.Debug|Any CPU.ActiveCfg = Debug|Any CPU
		{E3FD280B-4A1A-42CF-B0DF-D76B007EAC19}.Debug|Any CPU.Build.0 = Debug|Any CPU
		{E3FD280B-4A1A-42CF-B0DF-D76B007EAC19}.Release|Any CPU.ActiveCfg = Release|Any CPU
		{E3FD280B-4A1A-42CF-B0DF-D76B007EAC19}.Release|Any CPU.Build.0 = Release|Any CPU
		{F6A351AC-D11E-4A48-8970-632A15F5DB60}.Debug|Any CPU.ActiveCfg = Debug|Any CPU
		{F6A351AC-D11E-4A48-8970-632A15F5DB60}.Debug|Any CPU.Build.0 = Debug|Any CPU
		{F6A351AC-D11E-4A48-8970-632A15F5DB60}.Release|Any CPU.ActiveCfg = Release|Any CPU
		{F6A351AC-D11E-4A48-8970-632A15F5DB60}.Release|Any CPU.Build.0 = Release|Any CPU
		{3BD4016E-ABC4-42A7-81DB-6E20F7C222D9}.Debug|Any CPU.ActiveCfg = Debug|Any CPU
		{3BD4016E-ABC4-42A7-81DB-6E20F7C222D9}.Debug|Any CPU.Build.0 = Debug|Any CPU
		{3BD4016E-ABC4-42A7-81DB-6E20F7C222D9}.Release|Any CPU.ActiveCfg = Release|Any CPU
		{3BD4016E-ABC4-42A7-81DB-6E20F7C222D9}.Release|Any CPU.Build.0 = Release|Any CPU
	EndGlobalSection
	GlobalSection(SolutionProperties) = preSolution
		HideSolutionNode = FALSE
	EndGlobalSection
	GlobalSection(ExtensibilityGlobals) = postSolution
		SolutionGuid = {C620C494-EDF4-4ED9-8207-9CB4736A98C1}
	EndGlobalSection
EndGlobal
